// !$*UTF8*$!
{
	archiveVersion = 1;
	classes = {
	};
	objectVersion = 46;
	objects = {

/* Begin PBXBuildFile section */
		85DE5A801835C8C40012FA90 /* Foundation.framework in Frameworks */ = {isa = PBXBuildFile; fileRef = 85DE5A7F1835C8C40012FA90 /* Foundation.framework */; };
		85DE5A821835C8C40012FA90 /* CoreGraphics.framework in Frameworks */ = {isa = PBXBuildFile; fileRef = 85DE5A811835C8C40012FA90 /* CoreGraphics.framework */; };
		85DE5A841835C8C40012FA90 /* UIKit.framework in Frameworks */ = {isa = PBXBuildFile; fileRef = 85DE5A831835C8C40012FA90 /* UIKit.framework */; };
		85DE5A861835C8C40012FA90 /* CoreData.framework in Frameworks */ = {isa = PBXBuildFile; fileRef = 85DE5A851835C8C40012FA90 /* CoreData.framework */; };
		85DE5A8C1835C8C40012FA90 /* InfoPlist.strings in Resources */ = {isa = PBXBuildFile; fileRef = 85DE5A8A1835C8C40012FA90 /* InfoPlist.strings */; };
		85DE5A8E1835C8C40012FA90 /* main.m in Sources */ = {isa = PBXBuildFile; fileRef = 85DE5A8D1835C8C40012FA90 /* main.m */; };
		85DE5A921835C8C40012FA90 /* AppDelegate.m in Sources */ = {isa = PBXBuildFile; fileRef = 85DE5A911835C8C40012FA90 /* AppDelegate.m */; };
		85DE5A951835C8C40012FA90 /* amelioristic.xcdatamodeld in Sources */ = {isa = PBXBuildFile; fileRef = 85DE5A931835C8C40012FA90 /* amelioristic.xcdatamodeld */; };
		85DE5A971835C8C40012FA90 /* Images.xcassets in Resources */ = {isa = PBXBuildFile; fileRef = 85DE5A961835C8C40012FA90 /* Images.xcassets */; };
		85DE5A9E1835C8C40012FA90 /* XCTest.framework in Frameworks */ = {isa = PBXBuildFile; fileRef = 85DE5A9D1835C8C40012FA90 /* XCTest.framework */; };
		85DE5A9F1835C8C40012FA90 /* Foundation.framework in Frameworks */ = {isa = PBXBuildFile; fileRef = 85DE5A7F1835C8C40012FA90 /* Foundation.framework */; };
		85DE5AA01835C8C40012FA90 /* UIKit.framework in Frameworks */ = {isa = PBXBuildFile; fileRef = 85DE5A831835C8C40012FA90 /* UIKit.framework */; };
		85DE5AA11835C8C40012FA90 /* CoreData.framework in Frameworks */ = {isa = PBXBuildFile; fileRef = 85DE5A851835C8C40012FA90 /* CoreData.framework */; };
		85DE5AA91835C8C40012FA90 /* InfoPlist.strings in Resources */ = {isa = PBXBuildFile; fileRef = 85DE5AA71835C8C40012FA90 /* InfoPlist.strings */; };
		85DE5AAB1835C8C40012FA90 /* amelioristicTests.m in Sources */ = {isa = PBXBuildFile; fileRef = 85DE5AAA1835C8C40012FA90 /* amelioristicTests.m */; };
/* End PBXBuildFile section */

/* Begin PBXContainerItemProxy section */
		85DE5AA21835C8C40012FA90 /* PBXContainerItemProxy */ = {
			isa = PBXContainerItemProxy;
			containerPortal = 85DE5A741835C8C40012FA90 /* Project object */;
			proxyType = 1;
			remoteGlobalIDString = 85DE5A7B1835C8C40012FA90;
			remoteInfo = amelioristic;
		};
/* End PBXContainerItemProxy section */

/* Begin PBXFileReference section */
		85DE5A7C1835C8C40012FA90 /* amelioristic.app */ = {isa = PBXFileReference; explicitFileType = wrapper.application; includeInIndex = 0; path = amelioristic.app; sourceTree = BUILT_PRODUCTS_DIR; };
		85DE5A7F1835C8C40012FA90 /* Foundation.framework */ = {isa = PBXFileReference; lastKnownFileType = wrapper.framework; name = Foundation.framework; path = System/Library/Frameworks/Foundation.framework; sourceTree = SDKROOT; };
		85DE5A811835C8C40012FA90 /* CoreGraphics.framework */ = {isa = PBXFileReference; lastKnownFileType = wrapper.framework; name = CoreGraphics.framework; path = System/Library/Frameworks/CoreGraphics.framework; sourceTree = SDKROOT; };
		85DE5A831835C8C40012FA90 /* UIKit.framework */ = {isa = PBXFileReference; lastKnownFileType = wrapper.framework; name = UIKit.framework; path = System/Library/Frameworks/UIKit.framework; sourceTree = SDKROOT; };
		85DE5A851835C8C40012FA90 /* CoreData.framework */ = {isa = PBXFileReference; lastKnownFileType = wrapper.framework; name = CoreData.framework; path = System/Library/Frameworks/CoreData.framework; sourceTree = SDKROOT; };
		85DE5A891835C8C40012FA90 /* amelioristic-Info.plist */ = {isa = PBXFileReference; lastKnownFileType = text.plist.xml; path = "amelioristic-Info.plist"; sourceTree = "<group>"; };
		85DE5A8B1835C8C40012FA90 /* en */ = {isa = PBXFileReference; lastKnownFileType = text.plist.strings; name = en; path = en.lproj/InfoPlist.strings; sourceTree = "<group>"; };
		85DE5A8D1835C8C40012FA90 /* main.m */ = {isa = PBXFileReference; lastKnownFileType = sourcecode.c.objc; path = main.m; sourceTree = "<group>"; };
		85DE5A8F1835C8C40012FA90 /* amelioristic-Prefix.pch */ = {isa = PBXFileReference; lastKnownFileType = sourcecode.c.h; path = "amelioristic-Prefix.pch"; sourceTree = "<group>"; };
		85DE5A901835C8C40012FA90 /* AppDelegate.h */ = {isa = PBXFileReference; lastKnownFileType = sourcecode.c.h; path = AppDelegate.h; sourceTree = "<group>"; };
		85DE5A911835C8C40012FA90 /* AppDelegate.m */ = {isa = PBXFileReference; lastKnownFileType = sourcecode.c.objc; path = AppDelegate.m; sourceTree = "<group>"; };
		85DE5A941835C8C40012FA90 /* amelioristic.xcdatamodel */ = {isa = PBXFileReference; lastKnownFileType = wrapper.xcdatamodel; path = amelioristic.xcdatamodel; sourceTree = "<group>"; };
		85DE5A961835C8C40012FA90 /* Images.xcassets */ = {isa = PBXFileReference; lastKnownFileType = folder.assetcatalog; path = Images.xcassets; sourceTree = "<group>"; };
		85DE5A9C1835C8C40012FA90 /* amelioristicTests.xctest */ = {isa = PBXFileReference; explicitFileType = wrapper.cfbundle; includeInIndex = 0; path = amelioristicTests.xctest; sourceTree = BUILT_PRODUCTS_DIR; };
		85DE5A9D1835C8C40012FA90 /* XCTest.framework */ = {isa = PBXFileReference; lastKnownFileType = wrapper.framework; name = XCTest.framework; path = Library/Frameworks/XCTest.framework; sourceTree = DEVELOPER_DIR; };
		85DE5AA61835C8C40012FA90 /* amelioristicTests-Info.plist */ = {isa = PBXFileReference; lastKnownFileType = text.plist.xml; path = "amelioristicTests-Info.plist"; sourceTree = "<group>"; };
		85DE5AA81835C8C40012FA90 /* en */ = {isa = PBXFileReference; lastKnownFileType = text.plist.strings; name = en; path = en.lproj/InfoPlist.strings; sourceTree = "<group>"; };
		85DE5AAA1835C8C40012FA90 /* amelioristicTests.m */ = {isa = PBXFileReference; lastKnownFileType = sourcecode.c.objc; path = amelioristicTests.m; sourceTree = "<group>"; };
/* End PBXFileReference section */

/* Begin PBXFrameworksBuildPhase section */
		85DE5A791835C8C40012FA90 /* Frameworks */ = {
			isa = PBXFrameworksBuildPhase;
			buildActionMask = 2147483647;
			files = (
				85DE5A821835C8C40012FA90 /* CoreGraphics.framework in Frameworks */,
				85DE5A861835C8C40012FA90 /* CoreData.framework in Frameworks */,
				85DE5A841835C8C40012FA90 /* UIKit.framework in Frameworks */,
				85DE5A801835C8C40012FA90 /* Foundation.framework in Frameworks */,
			);
			runOnlyForDeploymentPostprocessing = 0;
		};
		85DE5A991835C8C40012FA90 /* Frameworks */ = {
			isa = PBXFrameworksBuildPhase;
			buildActionMask = 2147483647;
			files = (
				85DE5A9E1835C8C40012FA90 /* XCTest.framework in Frameworks */,
				85DE5AA11835C8C40012FA90 /* CoreData.framework in Frameworks */,
				85DE5AA01835C8C40012FA90 /* UIKit.framework in Frameworks */,
				85DE5A9F1835C8C40012FA90 /* Foundation.framework in Frameworks */,
			);
			runOnlyForDeploymentPostprocessing = 0;
		};
/* End PBXFrameworksBuildPhase section */

/* Begin PBXGroup section */
		85DE5A731835C8C40012FA90 = {
			isa = PBXGroup;
			children = (
				85DE5A871835C8C40012FA90 /* amelioristic */,
				85DE5AA41835C8C40012FA90 /* amelioristicTests */,
				85DE5A7E1835C8C40012FA90 /* Frameworks */,
				85DE5A7D1835C8C40012FA90 /* Products */,
			);
			sourceTree = "<group>";
		};
		85DE5A7D1835C8C40012FA90 /* Products */ = {
			isa = PBXGroup;
			children = (
				85DE5A7C1835C8C40012FA90 /* amelioristic.app */,
				85DE5A9C1835C8C40012FA90 /* amelioristicTests.xctest */,
			);
			name = Products;
			sourceTree = "<group>";
		};
		85DE5A7E1835C8C40012FA90 /* Frameworks */ = {
			isa = PBXGroup;
			children = (
				85DE5A7F1835C8C40012FA90 /* Foundation.framework */,
				85DE5A811835C8C40012FA90 /* CoreGraphics.framework */,
				85DE5A831835C8C40012FA90 /* UIKit.framework */,
				85DE5A851835C8C40012FA90 /* CoreData.framework */,
				85DE5A9D1835C8C40012FA90 /* XCTest.framework */,
			);
			name = Frameworks;
			sourceTree = "<group>";
		};
		85DE5A871835C8C40012FA90 /* amelioristic */ = {
			isa = PBXGroup;
			children = (
				85DE5A901835C8C40012FA90 /* AppDelegate.h */,
				85DE5A911835C8C40012FA90 /* AppDelegate.m */,
				85DE5A961835C8C40012FA90 /* Images.xcassets */,
				85DE5A931835C8C40012FA90 /* amelioristic.xcdatamodeld */,
				85DE5A881835C8C40012FA90 /* Supporting Files */,
			);
			path = amelioristic;
			sourceTree = "<group>";
		};
		85DE5A881835C8C40012FA90 /* Supporting Files */ = {
			isa = PBXGroup;
			children = (
				85DE5A891835C8C40012FA90 /* amelioristic-Info.plist */,
				85DE5A8A1835C8C40012FA90 /* InfoPlist.strings */,
				85DE5A8D1835C8C40012FA90 /* main.m */,
				85DE5A8F1835C8C40012FA90 /* amelioristic-Prefix.pch */,
			);
			name = "Supporting Files";
			sourceTree = "<group>";
		};
		85DE5AA41835C8C40012FA90 /* amelioristicTests */ = {
			isa = PBXGroup;
			children = (
				85DE5AAA1835C8C40012FA90 /* amelioristicTests.m */,
				85DE5AA51835C8C40012FA90 /* Supporting Files */,
			);
			path = amelioristicTests;
			sourceTree = "<group>";
		};
		85DE5AA51835C8C40012FA90 /* Supporting Files */ = {
			isa = PBXGroup;
			children = (
				85DE5AA61835C8C40012FA90 /* amelioristicTests-Info.plist */,
				85DE5AA71835C8C40012FA90 /* InfoPlist.strings */,
			);
			name = "Supporting Files";
			sourceTree = "<group>";
		};
/* End PBXGroup section */

/* Begin PBXNativeTarget section */
		85DE5A7B1835C8C40012FA90 /* amelioristic */ = {
			isa = PBXNativeTarget;
			buildConfigurationList = 85DE5AAE1835C8C40012FA90 /* Build configuration list for PBXNativeTarget "amelioristic" */;
			buildPhases = (
				85DE5A781835C8C40012FA90 /* Sources */,
				85DE5A791835C8C40012FA90 /* Frameworks */,
				85DE5A7A1835C8C40012FA90 /* Resources */,
			);
			buildRules = (
			);
			dependencies = (
			);
			name = amelioristic;
			productName = amelioristic;
			productReference = 85DE5A7C1835C8C40012FA90 /* amelioristic.app */;
			productType = "com.apple.product-type.application";
		};
		85DE5A9B1835C8C40012FA90 /* amelioristicTests */ = {
			isa = PBXNativeTarget;
			buildConfigurationList = 85DE5AB11835C8C40012FA90 /* Build configuration list for PBXNativeTarget "amelioristicTests" */;
			buildPhases = (
				85DE5A981835C8C40012FA90 /* Sources */,
				85DE5A991835C8C40012FA90 /* Frameworks */,
				85DE5A9A1835C8C40012FA90 /* Resources */,
			);
			buildRules = (
			);
			dependencies = (
				85DE5AA31835C8C40012FA90 /* PBXTargetDependency */,
			);
			name = amelioristicTests;
			productName = amelioristicTests;
			productReference = 85DE5A9C1835C8C40012FA90 /* amelioristicTests.xctest */;
			productType = "com.apple.product-type.bundle.unit-test";
		};
/* End PBXNativeTarget section */

/* Begin PBXProject section */
		85DE5A741835C8C40012FA90 /* Project object */ = {
			isa = PBXProject;
			attributes = {
				LastUpgradeCheck = 0500;
				ORGANIZATIONNAME = Jacky;
				TargetAttributes = {
					85DE5A9B1835C8C40012FA90 = {
						TestTargetID = 85DE5A7B1835C8C40012FA90;
					};
				};
			};
			buildConfigurationList = 85DE5A771835C8C40012FA90 /* Build configuration list for PBXProject "amelioristic" */;
			compatibilityVersion = "Xcode 3.2";
			developmentRegion = English;
			hasScannedForEncodings = 0;
			knownRegions = (
				en,
			);
			mainGroup = 85DE5A731835C8C40012FA90;
			productRefGroup = 85DE5A7D1835C8C40012FA90 /* Products */;
			projectDirPath = "";
			projectRoot = "";
			targets = (
				85DE5A7B1835C8C40012FA90 /* amelioristic */,
				85DE5A9B1835C8C40012FA90 /* amelioristicTests */,
			);
		};
/* End PBXProject section */

/* Begin PBXResourcesBuildPhase section */
		85DE5A7A1835C8C40012FA90 /* Resources */ = {
			isa = PBXResourcesBuildPhase;
			buildActionMask = 2147483647;
			files = (
				85DE5A8C1835C8C40012FA90 /* InfoPlist.strings in Resources */,
				85DE5A971835C8C40012FA90 /* Images.xcassets in Resources */,
			);
			runOnlyForDeploymentPostprocessing = 0;
		};
		85DE5A9A1835C8C40012FA90 /* Resources */ = {
			isa = PBXResourcesBuildPhase;
			buildActionMask = 2147483647;
			files = (
				85DE5AA91835C8C40012FA90 /* InfoPlist.strings in Resources */,
			);
			runOnlyForDeploymentPostprocessing = 0;
		};
/* End PBXResourcesBuildPhase section */

/* Begin PBXSourcesBuildPhase section */
		85DE5A781835C8C40012FA90 /* Sources */ = {
			isa = PBXSourcesBuildPhase;
			buildActionMask = 2147483647;
			files = (
				85DE5A921835C8C40012FA90 /* AppDelegate.m in Sources */,
				85DE5A951835C8C40012FA90 /* amelioristic.xcdatamodeld in Sources */,
				85DE5A8E1835C8C40012FA90 /* main.m in Sources */,
			);
			runOnlyForDeploymentPostprocessing = 0;
		};
		85DE5A981835C8C40012FA90 /* Sources */ = {
			isa = PBXSourcesBuildPhase;
			buildActionMask = 2147483647;
			files = (
				85DE5AAB1835C8C40012FA90 /* amelioristicTests.m in Sources */,
			);
			runOnlyForDeploymentPostprocessing = 0;
		};
/* End PBXSourcesBuildPhase section */

/* Begin PBXTargetDependency section */
		85DE5AA31835C8C40012FA90 /* PBXTargetDependency */ = {
			isa = PBXTargetDependency;
			target = 85DE5A7B1835C8C40012FA90 /* amelioristic */;
			targetProxy = 85DE5AA21835C8C40012FA90 /* PBXContainerItemProxy */;
		};
/* End PBXTargetDependency section */

/* Begin PBXVariantGroup section */
		85DE5A8A1835C8C40012FA90 /* InfoPlist.strings */ = {
			isa = PBXVariantGroup;
			children = (
				85DE5A8B1835C8C40012FA90 /* en */,
			);
			name = InfoPlist.strings;
			sourceTree = "<group>";
		};
		85DE5AA71835C8C40012FA90 /* InfoPlist.strings */ = {
			isa = PBXVariantGroup;
			children = (
				85DE5AA81835C8C40012FA90 /* en */,
			);
			name = InfoPlist.strings;
			sourceTree = "<group>";
		};
/* End PBXVariantGroup section */

/* Begin XCBuildConfiguration section */
		85DE5AAC1835C8C40012FA90 /* Debug */ = {
			isa = XCBuildConfiguration;
			buildSettings = {
				ALWAYS_SEARCH_USER_PATHS = NO;
				ARCHS = "$(ARCHS_STANDARD_INCLUDING_64_BIT)";
				CLANG_CXX_LANGUAGE_STANDARD = "gnu++0x";
				CLANG_CXX_LIBRARY = "libc++";
				CLANG_ENABLE_MODULES = YES;
				CLANG_ENABLE_OBJC_ARC = YES;
				CLANG_WARN_BOOL_CONVERSION = YES;
				CLANG_WARN_CONSTANT_CONVERSION = YES;
				CLANG_WARN_DIRECT_OBJC_ISA_USAGE = YES_ERROR;
				CLANG_WARN_EMPTY_BODY = YES;
				CLANG_WARN_ENUM_CONVERSION = YES;
				CLANG_WARN_INT_CONVERSION = YES;
				CLANG_WARN_OBJC_ROOT_CLASS = YES_ERROR;
				CLANG_WARN__DUPLICATE_METHOD_MATCH = YES;
				"CODE_SIGN_IDENTITY[sdk=iphoneos*]" = "iPhone Developer";
				COPY_PHASE_STRIP = NO;
				GCC_C_LANGUAGE_STANDARD = gnu99;
				GCC_DYNAMIC_NO_PIC = NO;
				GCC_OPTIMIZATION_LEVEL = 0;
				GCC_PREPROCESSOR_DEFINITIONS = (
					"DEBUG=1",
					"$(inherited)",
				);
				GCC_SYMBOLS_PRIVATE_EXTERN = NO;
				GCC_WARN_64_TO_32_BIT_CONVERSION = YES;
				GCC_WARN_ABOUT_RETURN_TYPE = YES_ERROR;
				GCC_WARN_UNDECLARED_SELECTOR = YES;
				GCC_WARN_UNINITIALIZED_AUTOS = YES;
				GCC_WARN_UNUSED_FUNCTION = YES;
				GCC_WARN_UNUSED_VARIABLE = YES;
				IPHONEOS_DEPLOYMENT_TARGET = 7.0;
				ONLY_ACTIVE_ARCH = YES;
				SDKROOT = iphoneos;
			};
			name = Debug;
		};
		85DE5AAD1835C8C40012FA90 /* Release */ = {
			isa = XCBuildConfiguration;
			buildSettings = {
				ALWAYS_SEARCH_USER_PATHS = NO;
				ARCHS = "$(ARCHS_STANDARD_INCLUDING_64_BIT)";
				CLANG_CXX_LANGUAGE_STANDARD = "gnu++0x";
				CLANG_CXX_LIBRARY = "libc++";
				CLANG_ENABLE_MODULES = YES;
				CLANG_ENABLE_OBJC_ARC = YES;
				CLANG_WARN_BOOL_CONVERSION = YES;
				CLANG_WARN_CONSTANT_CONVERSION = YES;
				CLANG_WARN_DIRECT_OBJC_ISA_USAGE = YES_ERROR;
				CLANG_WARN_EMPTY_BODY = YES;
				CLANG_WARN_ENUM_CONVERSION = YES;
				CLANG_WARN_INT_CONVERSION = YES;
				CLANG_WARN_OBJC_ROOT_CLASS = YES_ERROR;
				CLANG_WARN__DUPLICATE_METHOD_MATCH = YES;
				"CODE_SIGN_IDENTITY[sdk=iphoneos*]" = "iPhone Developer";
				COPY_PHASE_STRIP = YES;
				ENABLE_NS_ASSERTIONS = NO;
				GCC_C_LANGUAGE_STANDARD = gnu99;
				GCC_WARN_64_TO_32_BIT_CONVERSION = YES;
				GCC_WARN_ABOUT_RETURN_TYPE = YES_ERROR;
				GCC_WARN_UNDECLARED_SELECTOR = YES;
				GCC_WARN_UNINITIALIZED_AUTOS = YES;
				GCC_WARN_UNUSED_FUNCTION = YES;
				GCC_WARN_UNUSED_VARIABLE = YES;
				IPHONEOS_DEPLOYMENT_TARGET = 7.0;
				SDKROOT = iphoneos;
				VALIDATE_PRODUCT = YES;
			};
			name = Release;
		};
		85DE5AAF1835C8C40012FA90 /* Debug */ = {
			isa = XCBuildConfiguration;
			buildSettings = {
				ASSETCATALOG_COMPILER_APPICON_NAME = AppIcon;
				ASSETCATALOG_COMPILER_LAUNCHIMAGE_NAME = LaunchImage;
				GCC_PRECOMPILE_PREFIX_HEADER = YES;
				GCC_PREFIX_HEADER = "amelioristic/amelioristic-Prefix.pch";
				INFOPLIST_FILE = "amelioristic/amelioristic-Info.plist";
				PRODUCT_NAME = "$(TARGET_NAME)";
				WRAPPER_EXTENSION = app;
			};
			name = Debug;
		};
		85DE5AB01835C8C40012FA90 /* Release */ = {
			isa = XCBuildConfiguration;
			buildSettings = {
				ASSETCATALOG_COMPILER_APPICON_NAME = AppIcon;
				ASSETCATALOG_COMPILER_LAUNCHIMAGE_NAME = LaunchImage;
				GCC_PRECOMPILE_PREFIX_HEADER = YES;
				GCC_PREFIX_HEADER = "amelioristic/amelioristic-Prefix.pch";
				INFOPLIST_FILE = "amelioristic/amelioristic-Info.plist";
				PRODUCT_NAME = "$(TARGET_NAME)";
				WRAPPER_EXTENSION = app;
			};
			name = Release;
		};
		85DE5AB21835C8C40012FA90 /* Debug */ = {
			isa = XCBuildConfiguration;
			buildSettings = {
				ARCHS = "$(ARCHS_STANDARD_INCLUDING_64_BIT)";
				BUNDLE_LOADER = "$(BUILT_PRODUCTS_DIR)/amelioristic.app/amelioristic";
				FRAMEWORK_SEARCH_PATHS = (
					"$(SDKROOT)/Developer/Library/Frameworks",
					"$(inherited)",
					"$(DEVELOPER_FRAMEWORKS_DIR)",
				);
				GCC_PRECOMPILE_PREFIX_HEADER = YES;
				GCC_PREFIX_HEADER = "amelioristic/amelioristic-Prefix.pch";
				GCC_PREPROCESSOR_DEFINITIONS = (
					"DEBUG=1",
					"$(inherited)",
				);
				INFOPLIST_FILE = "amelioristicTests/amelioristicTests-Info.plist";
				PRODUCT_NAME = "$(TARGET_NAME)";
				TEST_HOST = "$(BUNDLE_LOADER)";
				WRAPPER_EXTENSION = xctest;
			};
			name = Debug;
		};
		85DE5AB31835C8C40012FA90 /* Release */ = {
			isa = XCBuildConfiguration;
			buildSettings = {
				ARCHS = "$(ARCHS_STANDARD_INCLUDING_64_BIT)";
				BUNDLE_LOADER = "$(BUILT_PRODUCTS_DIR)/amelioristic.app/amelioristic";
				FRAMEWORK_SEARCH_PATHS = (
					"$(SDKROOT)/Developer/Library/Frameworks",
					"$(inherited)",
					"$(DEVELOPER_FRAMEWORKS_DIR)",
				);
				GCC_PRECOMPILE_PREFIX_HEADER = YES;
				GCC_PREFIX_HEADER = "amelioristic/amelioristic-Prefix.pch";
				INFOPLIST_FILE = "amelioristicTests/amelioristicTests-Info.plist";
				PRODUCT_NAME = "$(TARGET_NAME)";
				TEST_HOST = "$(BUNDLE_LOADER)";
				WRAPPER_EXTENSION = xctest;
			};
			name = Release;
		};
/* End XCBuildConfiguration section */

/* Begin XCConfigurationList section */
		85DE5A771835C8C40012FA90 /* Build configuration list for PBXProject "amelioristic" */ = {
			isa = XCConfigurationList;
			buildConfigurations = (
				85DE5AAC1835C8C40012FA90 /* Debug */,
				85DE5AAD1835C8C40012FA90 /* Release */,
			);
			defaultConfigurationIsVisible = 0;
			defaultConfigurationName = Release;
		};
		85DE5AAE1835C8C40012FA90 /* Build configuration list for PBXNativeTarget "amelioristic" */ = {
			isa = XCConfigurationList;
			buildConfigurations = (
				85DE5AAF1835C8C40012FA90 /* Debug */,
				85DE5AB01835C8C40012FA90 /* Release */,
			);
			defaultConfigurationIsVisible = 0;
		};
		85DE5AB11835C8C40012FA90 /* Build configuration list for PBXNativeTarget "amelioristicTests" */ = {
			isa = XCConfigurationList;
			buildConfigurations = (
				85DE5AB21835C8C40012FA90 /* Debug */,
				85DE5AB31835C8C40012FA90 /* Release */,
			);
			defaultConfigurationIsVisible = 0;
		};
/* End XCConfigurationList section */

/* Begin XCVersionGroup section */
		85DE5A931835C8C40012FA90 /* amelioristic.xcdatamodeld */ = {
			isa = XCVersionGroup;
			children = (
				85DE5A941835C8C40012FA90 /* amelioristic.xcdatamodel */,
			);
			currentVersion = 85DE5A941835C8C40012FA90 /* amelioristic.xcdatamodel */;
			path = amelioristic.xcdatamodeld;
			sourceTree = "<group>";
			versionGroupType = wrapper.xcdatamodel;
		};
/* End XCVersionGroup section */
	};
	rootObject = 85DE5A741835C8C40012FA90 /* Project object */;
}
